
Microsoft Visual Studio Solution File, Format Version 12.00
# Visual Studio Version 17
VisualStudioVersion = 17.3.32929.385
MinimumVisualStudioVersion = 10.0.40219.1
Project("{2150E333-8FDC-42A3-9474-1A3956D46DE8}") = "bonus", "bonus", "{B78F4E1F-5819-4B16-94CA-5C0865DE5EE0}"
	ProjectSection(SolutionItems) = preProject
		bonus.txt = bonus.txt
		\\Mac\Home\Documents\מכון טל\שנה ב׳-סמסטר א׳\מיני פרויקט\להדפיס\מיני פרויקט במערכת חלונות.pdf = \\Mac\Home\Documents\מכון טל\שנה ב׳-סמסטר א׳\מיני פרויקט\להדפיס\מיני פרויקט במערכת חלונות.pdf
	EndProjectSection
EndProject
Project("{9A19103F-16F7-4668-BE54-9A1E7A4F7556}") = "DalFacade", "DalFacade\DalFacade.csproj", "{F6CD2881-8E16-4262-8687-D49C85CF2B08}"
EndProject
Project("{9A19103F-16F7-4668-BE54-9A1E7A4F7556}") = "Stage0", "Stage0\Stage0.csproj", "{72AB2D18-0FBC-49A1-9C57-D6342359B9B5}"
EndProject
Project("{9A19103F-16F7-4668-BE54-9A1E7A4F7556}") = "DalTest", "DalTest\DalTest.csproj", "{7AE4A6E0-EA3E-45AA-A38A-9AD898BF0C5A}"
EndProject
Project("{9A19103F-16F7-4668-BE54-9A1E7A4F7556}") = "DalList", "DalList\DalList.csproj", "{F94E36DF-5F2E-4889-B32A-21B5F4573E6C}"
EndProject
Project("{9A19103F-16F7-4668-BE54-9A1E7A4F7556}") = "BL", "BL\BL.csproj", "{1198E95A-CD37-4AEC-8A60-C4B8206B4DDF}"
	ProjectSection(ProjectDependencies) = postProject
		{901F8CA8-5E00-4EA4-9882-AD17A268C0F3} = {901F8CA8-5E00-4EA4-9882-AD17A268C0F3}
	EndProjectSection
EndProject
Project("{9A19103F-16F7-4668-BE54-9A1E7A4F7556}") = "BLTest", "BLTest\BLTest.csproj", "{BB39C8E9-FA55-451F-BDC2-E74D07B15FF9}"
EndProject
Project("{9A19103F-16F7-4668-BE54-9A1E7A4F7556}") = "PL", "PL\PL.csproj", "{32197B16-B7EE-4B20-B8E0-96E135BB288B}"
EndProject
Project("{2150E333-8FDC-42A3-9474-1A3956D46DE8}") = "xml", "xml", "{AB7881A8-0B9B-4F92-84B2-9846BEB23729}"
	ProjectSection(SolutionItems) = preProject
		xml\Config.xml = xml\Config.xml
		xml\dal-config.xml = xml\dal-config.xml
		xml\Order.xml = xml\Order.xml
		xml\OrderItem.xml = xml\OrderItem.xml
		xml\product.xml = xml\product.xml
	EndProjectSection
EndProject
Project("{9A19103F-16F7-4668-BE54-9A1E7A4F7556}") = "DalXml", "DalXml\DalXml.csproj", "{901F8CA8-5E00-4EA4-9882-AD17A268C0F3}"
EndProject
Global
	GlobalSection(SolutionConfigurationPlatforms) = preSolution
		Debug|Any CPU = Debug|Any CPU
		Release|Any CPU = Release|Any CPU
	EndGlobalSection
	GlobalSection(ProjectConfigurationPlatforms) = postSolution
		{F6CD2881-8E16-4262-8687-D49C85CF2B08}.Debug|Any CPU.ActiveCfg = Debug|Any CPU
		{F6CD2881-8E16-4262-8687-D49C85CF2B08}.Debug|Any CPU.Build.0 = Debug|Any CPU
		{F6CD2881-8E16-4262-8687-D49C85CF2B08}.Release|Any CPU.ActiveCfg = Release|Any CPU
		{F6CD2881-8E16-4262-8687-D49C85CF2B08}.Release|Any CPU.Build.0 = Release|Any CPU
		{72AB2D18-0FBC-49A1-9C57-D6342359B9B5}.Debug|Any CPU.ActiveCfg = Debug|Any CPU
		{72AB2D18-0FBC-49A1-9C57-D6342359B9B5}.Debug|Any CPU.Build.0 = Debug|Any CPU
		{72AB2D18-0FBC-49A1-9C57-D6342359B9B5}.Release|Any CPU.ActiveCfg = Release|Any CPU
		{72AB2D18-0FBC-49A1-9C57-D6342359B9B5}.Release|Any CPU.Build.0 = Release|Any CPU
		{7AE4A6E0-EA3E-45AA-A38A-9AD898BF0C5A}.Debug|Any CPU.ActiveCfg = Debug|Any CPU
		{7AE4A6E0-EA3E-45AA-A38A-9AD898BF0C5A}.Debug|Any CPU.Build.0 = Debug|Any CPU
		{7AE4A6E0-EA3E-45AA-A38A-9AD898BF0C5A}.Release|Any CPU.ActiveCfg = Release|Any CPU
		{7AE4A6E0-EA3E-45AA-A38A-9AD898BF0C5A}.Release|Any CPU.Build.0 = Release|Any CPU
		{F94E36DF-5F2E-4889-B32A-21B5F4573E6C}.Debug|Any CPU.ActiveCfg = Debug|Any CPU
		{F94E36DF-5F2E-4889-B32A-21B5F4573E6C}.Debug|Any CPU.Build.0 = Debug|Any CPU
		{F94E36DF-5F2E-4889-B32A-21B5F4573E6C}.Release|Any CPU.ActiveCfg = Release|Any CPU
		{F94E36DF-5F2E-4889-B32A-21B5F4573E6C}.Release|Any CPU.Build.0 = Release|Any CPU
		{1198E95A-CD37-4AEC-8A60-C4B8206B4DDF}.Debug|Any CPU.ActiveCfg = Debug|Any CPU
		{1198E95A-CD37-4AEC-8A60-C4B8206B4DDF}.Debug|Any CPU.Build.0 = Debug|Any CPU
		{1198E95A-CD37-4AEC-8A60-C4B8206B4DDF}.Release|Any CPU.ActiveCfg = Release|Any CPU
		{1198E95A-CD37-4AEC-8A60-C4B8206B4DDF}.Release|Any CPU.Build.0 = Release|Any CPU
		{BB39C8E9-FA55-451F-BDC2-E74D07B15FF9}.Debug|Any CPU.ActiveCfg = Debug|Any CPU
		{BB39C8E9-FA55-451F-BDC2-E74D07B15FF9}.Debug|Any CPU.Build.0 = Debug|Any CPU
		{BB39C8E9-FA55-451F-BDC2-E74D07B15FF9}.Release|Any CPU.ActiveCfg = Release|Any CPU
		{BB39C8E9-FA55-451F-BDC2-E74D07B15FF9}.Release|Any CPU.Build.0 = Release|Any CPU
		{32197B16-B7EE-4B20-B8E0-96E135BB288B}.Debug|Any CPU.ActiveCfg = Debug|Any CPU
		{32197B16-B7EE-4B20-B8E0-96E135BB288B}.Debug|Any CPU.Build.0 = Debug|Any CPU
		{32197B16-B7EE-4B20-B8E0-96E135BB288B}.Release|Any CPU.ActiveCfg = Release|Any CPU
		{32197B16-B7EE-4B20-B8E0-96E135BB288B}.Release|Any CPU.Build.0 = Release|Any CPU
		{901F8CA8-5E00-4EA4-9882-AD17A268C0F3}.Debug|Any CPU.ActiveCfg = Debug|Any CPU
		{901F8CA8-5E00-4EA4-9882-AD17A268C0F3}.Debug|Any CPU.Build.0 = Debug|Any CPU
		{901F8CA8-5E00-4EA4-9882-AD17A268C0F3}.Release|Any CPU.ActiveCfg = Release|Any CPU
		{901F8CA8-5E00-4EA4-9882-AD17A268C0F3}.Release|Any CPU.Build.0 = Release|Any CPU
	EndGlobalSection
	GlobalSection(SolutionProperties) = preSolution
		HideSolutionNode = FALSE
	EndGlobalSection
	GlobalSection(ExtensibilityGlobals) = postSolution
		SolutionGuid = {864E3B7E-F66A-4F60-9B90-542F02D2B2BB}
	EndGlobalSection
EndGlobal
